
Microsoft Visual Studio Solution File, Format Version 12.00
# Visual Studio Version 17
VisualStudioVersion = 17.10.34916.146
MinimumVisualStudioVersion = 10.0.40219.1
Project("{FAE04EC0-301F-11D3-BF4B-00C04F79EFBC}") = "ETicaret", "ETicaret\ETicaret.csproj", "{DF0FB7DF-F394-4E9C-A766-05FEB9FCDBB4}"
EndProject
Global
	GlobalSection(SolutionConfigurationPlatforms) = preSolution
		Debug|Any CPU = Debug|Any CPU
		Release|Any CPU = Release|Any CPU
	EndGlobalSection
	GlobalSection(ProjectConfigurationPlatforms) = postSolution
		{DF0FB7DF-F394-4E9C-A766-05FEB9FCDBB4}.Debug|Any CPU.ActiveCfg = Debug|Any CPU
		{DF0FB7DF-F394-4E9C-A766-05FEB9FCDBB4}.Debug|Any CPU.Build.0 = Debug|Any CPU
		{DF0FB7DF-F394-4E9C-A766-05FEB9FCDBB4}.Debug|Any CPU.Deploy.0 = Debug|Any CPU
		{DF0FB7DF-F394-4E9C-A766-05FEB9FCDBB4}.Release|Any CPU.ActiveCfg = Release|Any CPU
		{DF0FB7DF-F394-4E9C-A766-05FEB9FCDBB4}.Release|Any CPU.Build.0 = Release|Any CPU
		{DF0FB7DF-F394-4E9C-A766-05FEB9FCDBB4}.Release|Any CPU.Deploy.0 = Release|Any CPU
	EndGlobalSection
	GlobalSection(SolutionProperties) = preSolution
		HideSolutionNode = FALSE
	EndGlobalSection
	GlobalSection(ExtensibilityGlobals) = postSolution
		SolutionGuid = {7781A916-63AD-434D-8EDA-C73B8E01CA16}
	EndGlobalSection
EndGlobal
